{
  "requires": true,
  "lockfileVersion": 1,
  "dependencies": {
    "cordova-plugin-statusbar": {
      "version": "2.4.1",
      "resolved": "https://registry.npmjs.org/cordova-plugin-statusbar/-/cordova-plugin-statusbar-2.4.1.tgz",
      "integrity": "sha1-IiYop4qlTTTUySeZACDQo7rOVUU="
    }
  }
}
